
Microsoft Visual Studio Solution File, Format Version 12.00
# Visual Studio Version 17
VisualStudioVersion = 17.0.31903.59
MinimumVisualStudioVersion = 10.0.40219.1
Project("{FAE04EC0-301F-11D3-BF4B-00C04F79EFBC}") = "CollageWebApi", "CollageWebApi.csproj", "{B757C9DC-9455-4542-AF0F-A40CA3EA7886}"
EndProject
Global
	GlobalSection(SolutionConfigurationPlatforms) = preSolution
		Debug|Any CPU = Debug|Any CPU
		Release|Any CPU = Release|Any CPU
	EndGlobalSection
	GlobalSection(ProjectConfigurationPlatforms) = postSolution
		{B757C9DC-9455-4542-AF0F-A40CA3EA7886}.Debug|Any CPU.ActiveCfg = Debug|Any CPU
		{B757C9DC-9455-4542-AF0F-A40CA3EA7886}.Debug|Any CPU.Build.0 = Debug|Any CPU
		{B757C9DC-9455-4542-AF0F-A40CA3EA7886}.Release|Any CPU.ActiveCfg = Release|Any CPU
		{B757C9DC-9455-4542-AF0F-A40CA3EA7886}.Release|Any CPU.Build.0 = Release|Any CPU
	EndGlobalSection
	GlobalSection(SolutionProperties) = preSolution
		HideSolutionNode = FALSE
	EndGlobalSection
	GlobalSection(ExtensibilityGlobals) = postSolution
		SolutionGuid = {016856D4-B50A-423E-8C50-4D93A62124E8}
	EndGlobalSection
EndGlobal
